// !$*UTF8*$!
{
	archiveVersion = 1;
	classes = {
	};
	objectVersion = 46;
	objects = {

/* Begin PBXBuildFile section */
		CEF7BBCA1D6738E7006F0F12 /* AppDelegate.swift in Sources */ = {isa = PBXBuildFile; fileRef = CEF7BBC91D6738E7006F0F12 /* AppDelegate.swift */; };
		CEF7BBCC1D6738E7006F0F12 /* ViewController.swift in Sources */ = {isa = PBXBuildFile; fileRef = CEF7BBCB1D6738E7006F0F12 /* ViewController.swift */; };
		CEF7BBCF1D6738E7006F0F12 /* Main.storyboard in Resources */ = {isa = PBXBuildFile; fileRef = CEF7BBCD1D6738E7006F0F12 /* Main.storyboard */; };
		CEF7BBD11D6738E7006F0F12 /* Assets.xcassets in Resources */ = {isa = PBXBuildFile; fileRef = CEF7BBD01D6738E7006F0F12 /* Assets.xcassets */; };
		CEF7BBD41D6738E7006F0F12 /* LaunchScreen.storyboard in Resources */ = {isa = PBXBuildFile; fileRef = CEF7BBD21D6738E7006F0F12 /* LaunchScreen.storyboard */; };
/* End PBXBuildFile section */

/* Begin PBXFileReference section */
		CEF7BBC61D6738E7006F0F12 /* KeyboardTutorial.app */ = {isa = PBXFileReference; explicitFileType = wrapper.application; includeInIndex = 0; path = KeyboardTutorial.app; sourceTree = BUILT_PRODUCTS_DIR; };
		CEF7BBC91D6738E7006F0F12 /* AppDelegate.swift */ = {isa = PBXFileReference; lastKnownFileType = sourcecode.swift; path = AppDelegate.swift; sourceTree = "<group>"; };
		CEF7BBCB1D6738E7006F0F12 /* ViewController.swift */ = {isa = PBXFileReference; lastKnownFileType = sourcecode.swift; path = ViewController.swift; sourceTree = "<group>"; };
		CEF7BBCE1D6738E7006F0F12 /* Base */ = {isa = PBXFileReference; lastKnownFileType = file.storyboard; name = Base; path = Base.lproj/Main.storyboard; sourceTree = "<group>"; };
		CEF7BBD01D6738E7006F0F12 /* Assets.xcassets */ = {isa = PBXFileReference; lastKnownFileType = folder.assetcatalog; path = Assets.xcassets; sourceTree = "<group>"; };
		CEF7BBD31D6738E7006F0F12 /* Base */ = {isa = PBXFileReference; lastKnownFileType = file.storyboard; name = Base; path = Base.lproj/LaunchScreen.storyboard; sourceTree = "<group>"; };
		CEF7BBD51D6738E7006F0F12 /* Info.plist */ = {isa = PBXFileReference; lastKnownFileType = text.plist.xml; path = Info.plist; sourceTree = "<group>"; };
/* End PBXFileReference section */

/* Begin PBXFrameworksBuildPhase section */
		CEF7BBC31D6738E7006F0F12 /* Frameworks */ = {
			isa = PBXFrameworksBuildPhase;
			buildActionMask = 2147483647;
			files = (
			);
			runOnlyForDeploymentPostprocessing = 0;
		};
/* End PBXFrameworksBuildPhase section */

/* Begin PBXGroup section */
		CEF7BBBD1D6738E7006F0F12 = {
			isa = PBXGroup;
			children = (
				CEF7BBC81D6738E7006F0F12 /* KeyboardTutorial */,
				CEF7BBC71D6738E7006F0F12 /* Products */,
			);
			sourceTree = "<group>";
		};
		CEF7BBC71D6738E7006F0F12 /* Products */ = {
			isa = PBXGroup;
			children = (
				CEF7BBC61D6738E7006F0F12 /* KeyboardTutorial.app */,
			);
			name = Products;
			sourceTree = "<group>";
		};
		CEF7BBC81D6738E7006F0F12 /* KeyboardTutorial */ = {
			isa = PBXGroup;
			children = (
				CEF7BBC91D6738E7006F0F12 /* AppDelegate.swift */,
				CEF7BBCB1D6738E7006F0F12 /* ViewController.swift */,
				CEF7BBCD1D6738E7006F0F12 /* Main.storyboard */,
				CEF7BBD01D6738E7006F0F12 /* Assets.xcassets */,
				CEF7BBD21D6738E7006F0F12 /* LaunchScreen.storyboard */,
				CEF7BBD51D6738E7006F0F12 /* Info.plist */,
			);
			path = KeyboardTutorial;
			sourceTree = "<group>";
		};
/* End PBXGroup section */

/* Begin PBXNativeTarget section */
		CEF7BBC51D6738E7006F0F12 /* KeyboardTutorial */ = {
			isa = PBXNativeTarget;
			buildConfigurationList = CEF7BBD81D6738E7006F0F12 /* Build configuration list for PBXNativeTarget "KeyboardTutorial" */;
			buildPhases = (
				CEF7BBC21D6738E7006F0F12 /* Sources */,
				CEF7BBC31D6738E7006F0F12 /* Frameworks */,
				CEF7BBC41D6738E7006F0F12 /* Resources */,
			);
			buildRules = (
			);
			dependencies = (
			);
			name = KeyboardTutorial;
			productName = KeyboardTutorial;
			productReference = CEF7BBC61D6738E7006F0F12 /* KeyboardTutorial.app */;
			productType = "com.apple.product-type.application";
		};
/* End PBXNativeTarget section */

/* Begin PBXProject section */
		CEF7BBBE1D6738E7006F0F12 /* Project object */ = {
			isa = PBXProject;
			attributes = {
				LastSwiftUpdateCheck = 0730;
				LastUpgradeCheck = 0730;
				ORGANIZATIONNAME = LoneThug;
				TargetAttributes = {
					CEF7BBC51D6738E7006F0F12 = {
						CreatedOnToolsVersion = 7.3.1;
						DevelopmentTeam = EZAD96A4YH;
					};
				};
			};
			buildConfigurationList = CEF7BBC11D6738E7006F0F12 /* Build configuration list for PBXProject "KeyboardTutorial" */;
			compatibilityVersion = "Xcode 3.2";
			developmentRegion = English;
			hasScannedForEncodings = 0;
			knownRegions = (
				en,
				Base,
			);
			mainGroup = CEF7BBBD1D6738E7006F0F12;
			productRefGroup = CEF7BBC71D6738E7006F0F12 /* Products */;
			projectDirPath = "";
			projectRoot = "";
			targets = (
				CEF7BBC51D6738E7006F0F12 /* KeyboardTutorial */,
			);
		};
/* End PBXProject section */

/* Begin PBXResourcesBuildPhase section */
		CEF7BBC41D6738E7006F0F12 /* Resources */ = {
			isa = PBXResourcesBuildPhase;
			buildActionMask = 2147483647;
			files = (
				CEF7BBD41D6738E7006F0F12 /* LaunchScreen.storyboard in Resources */,
				CEF7BBD11D6738E7006F0F12 /* Assets.xcassets in Resources */,
				CEF7BBCF1D6738E7006F0F12 /* Main.storyboard in Resources */,
			);
			runOnlyForDeploymentPostprocessing = 0;
		};
/* End PBXResourcesBuildPhase section */

/* Begin PBXSourcesBuildPhase section */
		CEF7BBC21D6738E7006F0F12 /* Sources */ = {
			isa = PBXSourcesBuildPhase;
			buildActionMask = 2147483647;
			files = (
				CEF7BBCC1D6738E7006F0F12 /* ViewController.swift in Sources */,
				CEF7BBCA1D6738E7006F0F12 /* AppDelegate.swift in Sources */,
			);
			runOnlyForDeploymentPostprocessing = 0;
		};
/* End PBXSourcesBuildPhase section */

/* Begin PBXVariantGroup section */
		CEF7BBCD1D6738E7006F0F12 /* Main.storyboard */ = {
			isa = PBXVariantGroup;
			children = (
				CEF7BBCE1D6738E7006F0F12 /* Base */,
			);
			name = Main.storyboard;
			sourceTree = "<group>";
		};
		CEF7BBD21D6738E7006F0F12 /* LaunchScreen.storyboard */ = {
			isa = PBXVariantGroup;
			children = (
				CEF7BBD31D6738E7006F0F12 /* Base */,
			);
			name = LaunchScreen.storyboard;
			sourceTree = "<group>";
		};
/* End PBXVariantGroup section */

/* Begin XCBuildConfiguration section */
		CEF7BBD61D6738E7006F0F12 /* Debug */ = {
			isa = XCBuildConfiguration;
			buildSettings = {
				ALWAYS_SEARCH_USER_PATHS = NO;
				CLANG_ANALYZER_NONNULL = YES;
				CLANG_CXX_LANGUAGE_STANDARD = "gnu++0x";
				CLANG_CXX_LIBRARY = "libc++";
				CLANG_ENABLE_MODULES = YES;
				CLANG_ENABLE_OBJC_ARC = YES;
				CLANG_WARN_BOOL_CONVERSION = YES;
				CLANG_WARN_CONSTANT_CONVERSION = YES;
				CLANG_WARN_DIRECT_OBJC_ISA_USAGE = YES_ERROR;
				CLANG_WARN_EMPTY_BODY = YES;
				CLANG_WARN_ENUM_CONVERSION = YES;
				CLANG_WARN_INT_CONVERSION = YES;
				CLANG_WARN_OBJC_ROOT_CLASS = YES_ERROR;
				CLANG_WARN_UNREACHABLE_CODE = YES;
				CLANG_WARN__DUPLICATE_METHOD_MATCH = YES;
				"CODE_SIGN_IDENTITY[sdk=iphoneos*]" = "iPhone Developer";
				COPY_PHASE_STRIP = NO;
				DEBUG_INFORMATION_FORMAT = dwarf;
				ENABLE_STRICT_OBJC_MSGSEND = YES;
				ENABLE_TESTABILITY = YES;
				GCC_C_LANGUAGE_STANDARD = gnu99;
				GCC_DYNAMIC_NO_PIC = NO;
				GCC_NO_COMMON_BLOCKS = YES;
				GCC_OPTIMIZATION_LEVEL = 0;
				GCC_PREPROCESSOR_DEFINITIONS = (
					"DEBUG=1",
					"$(inherited)",
				);
				GCC_WARN_64_TO_32_BIT_CONVERSION = YES;
				GCC_WARN_ABOUT_RETURN_TYPE = YES_ERROR;
				GCC_WARN_UNDECLARED_SELECTOR = YES;
				GCC_WARN_UNINITIALIZED_AUTOS = YES_AGGRESSIVE;
				GCC_WARN_UNUSED_FUNCTION = YES;
				GCC_WARN_UNUSED_VARIABLE = YES;
				IPHONEOS_DEPLOYMENT_TARGET = 9.3;
				MTL_ENABLE_DEBUG_INFO = YES;
				ONLY_ACTIVE_ARCH = YES;
				SDKROOT = iphoneos;
				SWIFT_OPTIMIZATION_LEVEL = "-Onone";
			};
			name = Debug;
		};
		CEF7BBD71D6738E7006F0F12 /* Release */ = {
			isa = XCBuildConfiguration;
			buildSettings = {
				ALWAYS_SEARCH_USER_PATHS = NO;
				CLANG_ANALYZER_NONNULL = YES;
				CLANG_CXX_LANGUAGE_STANDARD = "gnu++0x";
				CLANG_CXX_LIBRARY = "libc++";
				CLANG_ENABLE_MODULES = YES;
				CLANG_ENABLE_OBJC_ARC = YES;
				CLANG_WARN_BOOL_CONVERSION = YES;
				CLANG_WARN_CONSTANT_CONVERSION = YES;
				CLANG_WARN_DIRECT_OBJC_ISA_USAGE = YES_ERROR;
				CLANG_WARN_EMPTY_BODY = YES;
				CLANG_WARN_ENUM_CONVERSION = YES;
				CLANG_WARN_INT_CONVERSION = YES;
				CLANG_WARN_OBJC_ROOT_CLASS = YES_ERROR;
				CLANG_WARN_UNREACHABLE_CODE = YES;
				CLANG_WARN__DUPLICATE_METHOD_MATCH = YES;
				"CODE_SIGN_IDENTITY[sdk=iphoneos*]" = "iPhone Developer";
				COPY_PHASE_STRIP = NO;
				DEBUG_INFORMATION_FORMAT = "dwarf-with-dsym";
				ENABLE_NS_ASSERTIONS = NO;
				ENABLE_STRICT_OBJC_MSGSEND = YES;
				GCC_C_LANGUAGE_STANDARD = gnu99;
				GCC_NO_COMMON_BLOCKS = YES;
				GCC_WARN_64_TO_32_BIT_CONVERSION = YES;
				GCC_WARN_ABOUT_RETURN_TYPE = YES_ERROR;
				GCC_WARN_UNDECLARED_SELECTOR = YES;
				GCC_WARN_UNINITIALIZED_AUTOS = YES_AGGRESSIVE;
				GCC_WARN_UNUSED_FUNCTION = YES;
				GCC_WARN_UNUSED_VARIABLE = YES;
				IPHONEOS_DEPLOYMENT_TARGET = 9.3;
				MTL_ENABLE_DEBUG_INFO = NO;
				SDKROOT = iphoneos;
				VALIDATE_PRODUCT = YES;
			};
			name = Release;
		};
		CEF7BBD91D6738E7006F0F12 /* Debug */ = {
			isa = XCBuildConfiguration;
			buildSettings = {
				ASSETCATALOG_COMPILER_APPICON_NAME = AppIcon;
				INFOPLIST_FILE = KeyboardTutorial/Info.plist;
				LD_RUNPATH_SEARCH_PATHS = "$(inherited) @executable_path/Frameworks";
				PRODUCT_BUNDLE_IDENTIFIER = com.LoneThug.KeyboardTutorial;
				PRODUCT_NAME = "$(TARGET_NAME)";
			};
			name = Debug;
		};
		CEF7BBDA1D6738E7006F0F12 /* Release */ = {
			isa = XCBuildConfiguration;
			buildSettings = {
				ASSETCATALOG_COMPILER_APPICON_NAME = AppIcon;
				INFOPLIST_FILE = KeyboardTutorial/Info.plist;
				LD_RUNPATH_SEARCH_PATHS = "$(inherited) @executable_path/Frameworks";
				PRODUCT_BUNDLE_IDENTIFIER = com.LoneThug.KeyboardTutorial;
				PRODUCT_NAME = "$(TARGET_NAME)";
			};
			name = Release;
		};
/* End XCBuildConfiguration section */

/* Begin XCConfigurationList section */
		CEF7BBC11D6738E7006F0F12 /* Build configuration list for PBXProject "KeyboardTutorial" */ = {
			isa = XCConfigurationList;
			buildConfigurations = (
				CEF7BBD61D6738E7006F0F12 /* Debug */,
				CEF7BBD71D6738E7006F0F12 /* Release */,
			);
			defaultConfigurationIsVisible = 0;
			defaultConfigurationName = Release;
		};
		CEF7BBD81D6738E7006F0F12 /* Build configuration list for PBXNativeTarget "KeyboardTutorial" */ = {
			isa = XCConfigurationList;
			buildConfigurations = (
				CEF7BBD91D6738E7006F0F12 /* Debug */,
				CEF7BBDA1D6738E7006F0F12 /* Release */,
			);
			defaultConfigurationIsVisible = 0;
		};
/* End XCConfigurationList section */
	};
	rootObject = CEF7BBBE1D6738E7006F0F12 /* Project object */;
}
